
Microsoft Visual Studio Solution File, Format Version 12.00
# Visual Studio Version 17
VisualStudioVersion = 17.10.35122.118
MinimumVisualStudioVersion = 10.0.40219.1
Project("{9A19103F-16F7-4668-BE54-9A1E7A4F7556}") = "StroyXimTorg.Server", "StroyXimTorg.Server\StroyXimTorg.Server.csproj", "{0C3796EE-5EE3-4A74-BD8B-68D16D933145}"
EndProject
Project("{54A90642-561A-4BB1-A94E-469ADEE60C69}") = "stroyximtorg.client", "stroyximtorg.client\stroyximtorg.client.esproj", "{AACB6510-5647-465F-9BEE-080DB179583E}"
EndProject
Global
	GlobalSection(SolutionConfigurationPlatforms) = preSolution
		Debug|Any CPU = Debug|Any CPU
		Release|Any CPU = Release|Any CPU
	EndGlobalSection
	GlobalSection(ProjectConfigurationPlatforms) = postSolution
		{0C3796EE-5EE3-4A74-BD8B-68D16D933145}.Debug|Any CPU.ActiveCfg = Debug|Any CPU
		{0C3796EE-5EE3-4A74-BD8B-68D16D933145}.Debug|Any CPU.Build.0 = Debug|Any CPU
		{0C3796EE-5EE3-4A74-BD8B-68D16D933145}.Release|Any CPU.ActiveCfg = Release|Any CPU
		{0C3796EE-5EE3-4A74-BD8B-68D16D933145}.Release|Any CPU.Build.0 = Release|Any CPU
		{AACB6510-5647-465F-9BEE-080DB179583E}.Debug|Any CPU.ActiveCfg = Debug|Any CPU
		{AACB6510-5647-465F-9BEE-080DB179583E}.Debug|Any CPU.Build.0 = Debug|Any CPU
		{AACB6510-5647-465F-9BEE-080DB179583E}.Debug|Any CPU.Deploy.0 = Debug|Any CPU
		{AACB6510-5647-465F-9BEE-080DB179583E}.Release|Any CPU.ActiveCfg = Release|Any CPU
		{AACB6510-5647-465F-9BEE-080DB179583E}.Release|Any CPU.Build.0 = Release|Any CPU
		{AACB6510-5647-465F-9BEE-080DB179583E}.Release|Any CPU.Deploy.0 = Release|Any CPU
	EndGlobalSection
	GlobalSection(SolutionProperties) = preSolution
		HideSolutionNode = FALSE
	EndGlobalSection
	GlobalSection(ExtensibilityGlobals) = postSolution
		SolutionGuid = {06E30FF8-9141-4ED9-B86F-A20B571A5FAE}
	EndGlobalSection
EndGlobal
